
Microsoft Visual Studio Solution File, Format Version 12.00
# Visual Studio Version 16
VisualStudioVersion = 16.0.30907.101
MinimumVisualStudioVersion = 10.0.40219.1
Project("{00D1A9C2-B5F0-4AF3-8072-F6C62B433612}") = "FuncionarismoPublicoSP-DataWarehouse", "FuncionarismoPublicoSP-DataWarehouse\FuncionarismoPublicoSP-DataWarehouse.sqlproj", "{47AEEECF-636F-4BC0-8F15-2864E63987EF}"
EndProject
Global
	GlobalSection(SolutionConfigurationPlatforms) = preSolution
		Debug|Any CPU = Debug|Any CPU
		Release|Any CPU = Release|Any CPU
	EndGlobalSection
	GlobalSection(ProjectConfigurationPlatforms) = postSolution
		{47AEEECF-636F-4BC0-8F15-2864E63987EF}.Debug|Any CPU.ActiveCfg = Debug|Any CPU
		{47AEEECF-636F-4BC0-8F15-2864E63987EF}.Debug|Any CPU.Build.0 = Debug|Any CPU
		{47AEEECF-636F-4BC0-8F15-2864E63987EF}.Debug|Any CPU.Deploy.0 = Debug|Any CPU
		{47AEEECF-636F-4BC0-8F15-2864E63987EF}.Release|Any CPU.ActiveCfg = Release|Any CPU
		{47AEEECF-636F-4BC0-8F15-2864E63987EF}.Release|Any CPU.Build.0 = Release|Any CPU
		{47AEEECF-636F-4BC0-8F15-2864E63987EF}.Release|Any CPU.Deploy.0 = Release|Any CPU
	EndGlobalSection
	GlobalSection(SolutionProperties) = preSolution
		HideSolutionNode = FALSE
	EndGlobalSection
	GlobalSection(ExtensibilityGlobals) = postSolution
		SolutionGuid = {483FB42D-49C7-48C0-B492-AFA9C1807B41}
	EndGlobalSection
EndGlobal
